
Microsoft Visual Studio Solution File, Format Version 12.00
# Visual Studio Version 17
VisualStudioVersion = 17.11.35312.102
MinimumVisualStudioVersion = 10.0.40219.1
Project("{2150E333-8FDC-42A3-9474-1A3956D46DE8}") = "Web", "Web", "{93EF63D2-F88C-45A8-A833-653989757DFE}"
EndProject
Project("{2150E333-8FDC-42A3-9474-1A3956D46DE8}") = "Data", "Data", "{38EA219E-A726-46FD-ACCE-7558656F4116}"
EndProject
Project("{2150E333-8FDC-42A3-9474-1A3956D46DE8}") = "Services", "Services", "{1352A304-7786-43CE-915E-8D6FFD4E0E13}"
EndProject
Project("{2150E333-8FDC-42A3-9474-1A3956D46DE8}") = "Tests", "Tests", "{F5309D7D-C09A-4F63-9926-BBF0D4623380}"
EndProject
Project("{9A19103F-16F7-4668-BE54-9A1E7A4F7556}") = "FitnessPlatform.Data.Common", "AspNetCoreArchTemplate.Data.Common\FitnessPlatform.Data.Common.csproj", "{FBD33DAF-54B2-44F8-A76D-A0798BC5515E}"
EndProject
Project("{9A19103F-16F7-4668-BE54-9A1E7A4F7556}") = "FitnessPlatform.Data.Models", "AspNetCoreArchTemplate.Data.Models\FitnessPlatform.Data.Models.csproj", "{5048934D-1959-42D6-99D0-3755F88E939A}"
EndProject
Project("{9A19103F-16F7-4668-BE54-9A1E7A4F7556}") = "FitnessPlatform.Services.AutoMapping", "AspNetCoreArchTemplate.Services.AutoMapping\FitnessPlatform.Services.AutoMapping.csproj", "{E49008B4-6B3C-48AE-9A92-501B8D34004B}"
EndProject
Project("{9A19103F-16F7-4668-BE54-9A1E7A4F7556}") = "FitnessPlatform.Services.Common", "AspNetCoreArchTemplate.Services.Common\FitnessPlatform.Services.Common.csproj", "{F0AEC759-1267-4134-B65E-AEB27875935D}"
EndProject
Project("{9A19103F-16F7-4668-BE54-9A1E7A4F7556}") = "FitnessPlatform.Services.Core", "AspNetCoreArchTemplate.Services.Core\FitnessPlatform.Services.Core.csproj", "{2963BDE6-55F3-4A03-B1E5-878ED2462ACA}"
EndProject
Project("{9A19103F-16F7-4668-BE54-9A1E7A4F7556}") = "FitnessPlatform.Services.Core.Tests", "AspNetCoreArchTemplate.Services.Core.Tests\FitnessPlatform.Services.Core.Tests.csproj", "{65C91801-5EF3-40E8-8D58-BF7433FC63FB}"
EndProject
Project("{9A19103F-16F7-4668-BE54-9A1E7A4F7556}") = "FitnessPlatform.Web", "AspNetCoreArchTemplate.Web\FitnessPlatform.Web.csproj", "{0FC60212-9B71-4B97-9B7C-532C3E05B6C3}"
EndProject
Project("{9A19103F-16F7-4668-BE54-9A1E7A4F7556}") = "FitnessPlatform.Web.Tests", "AspNetCoreArchTemplate.Web.Tests\FitnessPlatform.Web.Tests.csproj", "{0A750C6B-A5DE-4ACA-8784-F12AD00DE2C3}"
EndProject
Project("{9A19103F-16F7-4668-BE54-9A1E7A4F7556}") = "FitnessPlatform.GCommon", "AspNetCoreArchTemplate.GCommon\FitnessPlatform.GCommon.csproj", "{D49E0D6A-5187-431A-912A-BD2D9F052F7F}"
EndProject
Project("{9A19103F-16F7-4668-BE54-9A1E7A4F7556}") = "FitnessPlatform.IntegrationTests", "AspNetCoreArchTemplate.IntegrationTests\FitnessPlatform.IntegrationTests.csproj", "{165917D0-B514-468A-B65D-5E937ADF23A0}"
EndProject
Project("{9A19103F-16F7-4668-BE54-9A1E7A4F7556}") = "FitnessPlatform.Web.Infrastructure", "AspNetCoreArchTemplate.Web.Infrastructure\FitnessPlatform.Web.Infrastructure.csproj", "{EB725964-6B4A-4027-A2C6-E37C339B0252}"
EndProject
Project("{9A19103F-16F7-4668-BE54-9A1E7A4F7556}") = "FitnessPlatform.Web.ViewModels", "AspNetCoreArchTemplate.Web.ViewModels\FitnessPlatform.Web.ViewModels.csproj", "{6AEDAA95-9FE4-4098-BC86-EE843C17408A}"
EndProject
Project("{9A19103F-16F7-4668-BE54-9A1E7A4F7556}") = "FitnessPlatform.Data", "AspNetCoreArchTemplate.Data\FitnessPlatform.Data.csproj", "{2DB850D8-7AF5-4101-815E-09E6544AF0C5}"
EndProject
Global
	GlobalSection(SolutionConfigurationPlatforms) = preSolution
		Debug|Any CPU = Debug|Any CPU
		Release|Any CPU = Release|Any CPU
	EndGlobalSection
	GlobalSection(ProjectConfigurationPlatforms) = postSolution
		{FBD33DAF-54B2-44F8-A76D-A0798BC5515E}.Debug|Any CPU.ActiveCfg = Debug|Any CPU
		{FBD33DAF-54B2-44F8-A76D-A0798BC5515E}.Debug|Any CPU.Build.0 = Debug|Any CPU
		{FBD33DAF-54B2-44F8-A76D-A0798BC5515E}.Release|Any CPU.ActiveCfg = Release|Any CPU
		{FBD33DAF-54B2-44F8-A76D-A0798BC5515E}.Release|Any CPU.Build.0 = Release|Any CPU
		{5048934D-1959-42D6-99D0-3755F88E939A}.Debug|Any CPU.ActiveCfg = Debug|Any CPU
		{5048934D-1959-42D6-99D0-3755F88E939A}.Debug|Any CPU.Build.0 = Debug|Any CPU
		{5048934D-1959-42D6-99D0-3755F88E939A}.Release|Any CPU.ActiveCfg = Release|Any CPU
		{5048934D-1959-42D6-99D0-3755F88E939A}.Release|Any CPU.Build.0 = Release|Any CPU
		{E49008B4-6B3C-48AE-9A92-501B8D34004B}.Debug|Any CPU.ActiveCfg = Debug|Any CPU
		{E49008B4-6B3C-48AE-9A92-501B8D34004B}.Debug|Any CPU.Build.0 = Debug|Any CPU
		{E49008B4-6B3C-48AE-9A92-501B8D34004B}.Release|Any CPU.ActiveCfg = Release|Any CPU
		{E49008B4-6B3C-48AE-9A92-501B8D34004B}.Release|Any CPU.Build.0 = Release|Any CPU
		{F0AEC759-1267-4134-B65E-AEB27875935D}.Debug|Any CPU.ActiveCfg = Debug|Any CPU
		{F0AEC759-1267-4134-B65E-AEB27875935D}.Debug|Any CPU.Build.0 = Debug|Any CPU
		{F0AEC759-1267-4134-B65E-AEB27875935D}.Release|Any CPU.ActiveCfg = Release|Any CPU
		{F0AEC759-1267-4134-B65E-AEB27875935D}.Release|Any CPU.Build.0 = Release|Any CPU
		{2963BDE6-55F3-4A03-B1E5-878ED2462ACA}.Debug|Any CPU.ActiveCfg = Debug|Any CPU
		{2963BDE6-55F3-4A03-B1E5-878ED2462ACA}.Debug|Any CPU.Build.0 = Debug|Any CPU
		{2963BDE6-55F3-4A03-B1E5-878ED2462ACA}.Release|Any CPU.ActiveCfg = Release|Any CPU
		{2963BDE6-55F3-4A03-B1E5-878ED2462ACA}.Release|Any CPU.Build.0 = Release|Any CPU
		{65C91801-5EF3-40E8-8D58-BF7433FC63FB}.Debug|Any CPU.ActiveCfg = Debug|Any CPU
		{65C91801-5EF3-40E8-8D58-BF7433FC63FB}.Debug|Any CPU.Build.0 = Debug|Any CPU
		{65C91801-5EF3-40E8-8D58-BF7433FC63FB}.Release|Any CPU.ActiveCfg = Release|Any CPU
		{65C91801-5EF3-40E8-8D58-BF7433FC63FB}.Release|Any CPU.Build.0 = Release|Any CPU
		{0FC60212-9B71-4B97-9B7C-532C3E05B6C3}.Debug|Any CPU.ActiveCfg = Debug|Any CPU
		{0FC60212-9B71-4B97-9B7C-532C3E05B6C3}.Debug|Any CPU.Build.0 = Debug|Any CPU
		{0FC60212-9B71-4B97-9B7C-532C3E05B6C3}.Release|Any CPU.ActiveCfg = Release|Any CPU
		{0FC60212-9B71-4B97-9B7C-532C3E05B6C3}.Release|Any CPU.Build.0 = Release|Any CPU
		{0A750C6B-A5DE-4ACA-8784-F12AD00DE2C3}.Debug|Any CPU.ActiveCfg = Debug|Any CPU
		{0A750C6B-A5DE-4ACA-8784-F12AD00DE2C3}.Debug|Any CPU.Build.0 = Debug|Any CPU
		{0A750C6B-A5DE-4ACA-8784-F12AD00DE2C3}.Release|Any CPU.ActiveCfg = Release|Any CPU
		{0A750C6B-A5DE-4ACA-8784-F12AD00DE2C3}.Release|Any CPU.Build.0 = Release|Any CPU
		{D49E0D6A-5187-431A-912A-BD2D9F052F7F}.Debug|Any CPU.ActiveCfg = Debug|Any CPU
		{D49E0D6A-5187-431A-912A-BD2D9F052F7F}.Debug|Any CPU.Build.0 = Debug|Any CPU
		{D49E0D6A-5187-431A-912A-BD2D9F052F7F}.Release|Any CPU.ActiveCfg = Release|Any CPU
		{D49E0D6A-5187-431A-912A-BD2D9F052F7F}.Release|Any CPU.Build.0 = Release|Any CPU
		{165917D0-B514-468A-B65D-5E937ADF23A0}.Debug|Any CPU.ActiveCfg = Debug|Any CPU
		{165917D0-B514-468A-B65D-5E937ADF23A0}.Debug|Any CPU.Build.0 = Debug|Any CPU
		{165917D0-B514-468A-B65D-5E937ADF23A0}.Release|Any CPU.ActiveCfg = Release|Any CPU
		{165917D0-B514-468A-B65D-5E937ADF23A0}.Release|Any CPU.Build.0 = Release|Any CPU
		{EB725964-6B4A-4027-A2C6-E37C339B0252}.Debug|Any CPU.ActiveCfg = Debug|Any CPU
		{EB725964-6B4A-4027-A2C6-E37C339B0252}.Debug|Any CPU.Build.0 = Debug|Any CPU
		{EB725964-6B4A-4027-A2C6-E37C339B0252}.Release|Any CPU.ActiveCfg = Release|Any CPU
		{EB725964-6B4A-4027-A2C6-E37C339B0252}.Release|Any CPU.Build.0 = Release|Any CPU
		{6AEDAA95-9FE4-4098-BC86-EE843C17408A}.Debug|Any CPU.ActiveCfg = Debug|Any CPU
		{6AEDAA95-9FE4-4098-BC86-EE843C17408A}.Debug|Any CPU.Build.0 = Debug|Any CPU
		{6AEDAA95-9FE4-4098-BC86-EE843C17408A}.Release|Any CPU.ActiveCfg = Release|Any CPU
		{6AEDAA95-9FE4-4098-BC86-EE843C17408A}.Release|Any CPU.Build.0 = Release|Any CPU
		{2DB850D8-7AF5-4101-815E-09E6544AF0C5}.Debug|Any CPU.ActiveCfg = Debug|Any CPU
		{2DB850D8-7AF5-4101-815E-09E6544AF0C5}.Debug|Any CPU.Build.0 = Debug|Any CPU
		{2DB850D8-7AF5-4101-815E-09E6544AF0C5}.Release|Any CPU.ActiveCfg = Release|Any CPU
		{2DB850D8-7AF5-4101-815E-09E6544AF0C5}.Release|Any CPU.Build.0 = Release|Any CPU
	EndGlobalSection
	GlobalSection(SolutionProperties) = preSolution
		HideSolutionNode = FALSE
	EndGlobalSection
	GlobalSection(NestedProjects) = preSolution
		{FBD33DAF-54B2-44F8-A76D-A0798BC5515E} = {38EA219E-A726-46FD-ACCE-7558656F4116}
		{5048934D-1959-42D6-99D0-3755F88E939A} = {38EA219E-A726-46FD-ACCE-7558656F4116}
		{E49008B4-6B3C-48AE-9A92-501B8D34004B} = {1352A304-7786-43CE-915E-8D6FFD4E0E13}
		{F0AEC759-1267-4134-B65E-AEB27875935D} = {1352A304-7786-43CE-915E-8D6FFD4E0E13}
		{2963BDE6-55F3-4A03-B1E5-878ED2462ACA} = {1352A304-7786-43CE-915E-8D6FFD4E0E13}
		{65C91801-5EF3-40E8-8D58-BF7433FC63FB} = {F5309D7D-C09A-4F63-9926-BBF0D4623380}
		{0FC60212-9B71-4B97-9B7C-532C3E05B6C3} = {93EF63D2-F88C-45A8-A833-653989757DFE}
		{0A750C6B-A5DE-4ACA-8784-F12AD00DE2C3} = {F5309D7D-C09A-4F63-9926-BBF0D4623380}
		{165917D0-B514-468A-B65D-5E937ADF23A0} = {F5309D7D-C09A-4F63-9926-BBF0D4623380}
		{EB725964-6B4A-4027-A2C6-E37C339B0252} = {93EF63D2-F88C-45A8-A833-653989757DFE}
		{6AEDAA95-9FE4-4098-BC86-EE843C17408A} = {93EF63D2-F88C-45A8-A833-653989757DFE}
		{2DB850D8-7AF5-4101-815E-09E6544AF0C5} = {38EA219E-A726-46FD-ACCE-7558656F4116}
	EndGlobalSection
	GlobalSection(ExtensibilityGlobals) = postSolution
		SolutionGuid = {0063E44C-41E7-488F-ABC8-30AB4DD8226E}
	EndGlobalSection
EndGlobal
